
Microsoft Visual Studio Solution File, Format Version 12.00
# Visual Studio Version 17
VisualStudioVersion = 17.11.35312.102
MinimumVisualStudioVersion = 10.0.40219.1
Project("{9A19103F-16F7-4668-BE54-9A1E7A4F7556}") = "Padel.Application", "Padel.Application\Padel.Application.csproj", "{CE4168D7-DAE7-483D-B27A-D9A16A9DA9A4}"
EndProject
Project("{9A19103F-16F7-4668-BE54-9A1E7A4F7556}") = "Padel.Contracts", "Padel.Contracts\Padel.Contracts.csproj", "{6A97E72D-17B3-4F25-828D-277E71576A0E}"
EndProject
Project("{9A19103F-16F7-4668-BE54-9A1E7A4F7556}") = "Padel.Api", "Padel.Api\Padel.Api.csproj", "{0EF63FE6-851F-44CE-9113-9F583EBEA82C}"
EndProject
Project("{2150E333-8FDC-42A3-9474-1A3956D46DE8}") = "tests", "tests", "{1DC792B8-4D94-442B-ACA8-45CA523671FA}"
EndProject
Project("{FAE04EC0-301F-11D3-BF4B-00C04F79EFBC}") = "Padel.Application.Tests", "Padel.Application.Tests\Padel.Application.Tests.csproj", "{4D932E5B-B647-47BB-99CB-376972E0F29A}"
EndProject
Global
	GlobalSection(SolutionConfigurationPlatforms) = preSolution
		Debug|Any CPU = Debug|Any CPU
		Release|Any CPU = Release|Any CPU
	EndGlobalSection
	GlobalSection(ProjectConfigurationPlatforms) = postSolution
		{CE4168D7-DAE7-483D-B27A-D9A16A9DA9A4}.Debug|Any CPU.ActiveCfg = Debug|Any CPU
		{CE4168D7-DAE7-483D-B27A-D9A16A9DA9A4}.Debug|Any CPU.Build.0 = Debug|Any CPU
		{CE4168D7-DAE7-483D-B27A-D9A16A9DA9A4}.Release|Any CPU.ActiveCfg = Release|Any CPU
		{CE4168D7-DAE7-483D-B27A-D9A16A9DA9A4}.Release|Any CPU.Build.0 = Release|Any CPU
		{6A97E72D-17B3-4F25-828D-277E71576A0E}.Debug|Any CPU.ActiveCfg = Debug|Any CPU
		{6A97E72D-17B3-4F25-828D-277E71576A0E}.Debug|Any CPU.Build.0 = Debug|Any CPU
		{6A97E72D-17B3-4F25-828D-277E71576A0E}.Release|Any CPU.ActiveCfg = Release|Any CPU
		{6A97E72D-17B3-4F25-828D-277E71576A0E}.Release|Any CPU.Build.0 = Release|Any CPU
		{0EF63FE6-851F-44CE-9113-9F583EBEA82C}.Debug|Any CPU.ActiveCfg = Debug|Any CPU
		{0EF63FE6-851F-44CE-9113-9F583EBEA82C}.Debug|Any CPU.Build.0 = Debug|Any CPU
		{0EF63FE6-851F-44CE-9113-9F583EBEA82C}.Release|Any CPU.ActiveCfg = Release|Any CPU
		{0EF63FE6-851F-44CE-9113-9F583EBEA82C}.Release|Any CPU.Build.0 = Release|Any CPU
		{4D932E5B-B647-47BB-99CB-376972E0F29A}.Debug|Any CPU.ActiveCfg = Debug|Any CPU
		{4D932E5B-B647-47BB-99CB-376972E0F29A}.Debug|Any CPU.Build.0 = Debug|Any CPU
		{4D932E5B-B647-47BB-99CB-376972E0F29A}.Release|Any CPU.ActiveCfg = Release|Any CPU
		{4D932E5B-B647-47BB-99CB-376972E0F29A}.Release|Any CPU.Build.0 = Release|Any CPU
	EndGlobalSection
	GlobalSection(SolutionProperties) = preSolution
		HideSolutionNode = FALSE
	EndGlobalSection
	GlobalSection(NestedProjects) = preSolution
		{4D932E5B-B647-47BB-99CB-376972E0F29A} = {1DC792B8-4D94-442B-ACA8-45CA523671FA}
	EndGlobalSection
	GlobalSection(ExtensibilityGlobals) = postSolution
		SolutionGuid = {348EA309-BEFE-4850-A497-C3AB665ED9BA}
	EndGlobalSection
EndGlobal
